<?xml version="1.0" encoding="utf-8"?>
<Project ToolsVersion="4.0" xmlns="http://schemas.microsoft.com/developer/msbuild/2003">
  <ItemGroup>
    <Filter Include="Source Files">
      <UniqueIdentifier>{4FC737F1-C7A5-4376-A066-2A32D752A2FF}</UniqueIdentifier>
      <Extensions>cpp;c;cc;cxx;c++;cppm;ixx;def;odl;idl;hpj;bat;asm;asmx</Extensions>
    </Filter>
    <Filter Include="Header Files">
      <UniqueIdentifier>{93995380-89BD-4b04-88EB-625FBE52EBFB}</UniqueIdentifier>
      <Extensions>h;hh;hpp;hxx;h++;hm;inl;inc;ipp;xsd</Extensions>
    </Filter>
    <Filter Include="Resource Files">
      <UniqueIdentifier>{67DA6AB6-F800-4c08-8B7A-83BB121AAD01}</UniqueIdentifier>
      <Extensions>rc;ico;cur;bmp;dlg;rc2;rct;bin;rgs;gif;jpg;jpeg;jpe;resx;tiff;tif;png;wav;mfcribbon-ms</Extensions>
    </Filter>
  </ItemGroup>
  <ItemGroup>
    <ClCompile Include="Booking.cpp">
      <Filter>Source Files</Filter>
    </ClCompile>
    <ClCompile Include="Court.cpp">
      <Filter>Source Files</Filter>
    </ClCompile>
    <ClCompile Include="main.cpp">
      <Filter>Source Files</Filter>
    </ClCompile>
    <ClCompile Include="Padel.cpp">
      <Filter>Source Files</Filter>
    </ClCompile>
    <ClCompile Include="Subscription.cpp">
      <Filter>Source Files</Filter>
    </ClCompile>
    <ClCompile Include="Trainee.cpp">
      <Filter>Source Files</Filter>
    </ClCompile>
    <ClCompile Include="Home.cpp">
      <Filter>Source Files</Filter>
    </ClCompile>
    <ClCompile Include="Gym.cpp">
      <Filter>Source Files</Filter>
    </ClCompile>
    <ClCompile Include="GymClass.cpp">
      <Filter>Source Files</Filter>
    </ClCompile>
    <ClCompile Include="Hall.cpp">
      <Filter>Source Files</Filter>
    </ClCompile>
    <ClCompile Include="WorkoutPlan.cpp">
      <Filter>Source Files</Filter>
    </ClCompile>
    <ClCompile Include="Coatch.cpp">
      <Filter>Source Files</Filter>
    </ClCompile>
    <ClCompile Include="Manager.cpp">
      <Filter>Source Files</Filter>
    </ClCompile>
    <ClCompile Include="Receptionist.cpp">
      <Filter>Source Files</Filter>
    </ClCompile>
    <ClCompile Include="JoinClass.cpp">
      <Filter>Source Files</Filter>
    </ClCompile>
    <ClCompile Include="RenewSubscription.cpp">
      <Filter>Source Files</Filter>
    </ClCompile>
    <ClCompile Include="BookCourt.cpp">
      <Filter>Source Files</Filter>
    </ClCompile>
    <ClCompile Include="Add_Sessions.cpp">
      <Filter>Source Files</Filter>
    </ClCompile>
    <ClCompile Include="PlanForm.cpp">
      <Filter>Source Files</Filter>
    </ClCompile>
    <ClCompile Include="CoatchForm.cpp">
      <Filter>Source Files</Filter>
    </ClCompile>
    <ClCompile Include="Home2.cpp">
      <Filter>Source Files</Filter>
    </ClCompile>
    <ClCompile Include="Login1.cpp">
      <Filter>Source Files</Filter>
    </ClCompile>
    <ClCompile Include="Register.cpp">
      <Filter>Source Files</Filter>
    </ClCompile>
    <ClCompile Include="TraineeHistory.cpp">
      <Filter>Source Files</Filter>
    </ClCompile>
    <ClCompile Include="Data_Base.cpp">
      <Filter>Source Files</Filter>
    </ClCompile>
    <ClCompile Include="System.cpp">
      <Filter>Source Files</Filter>
    </ClCompile>
    <ClCompile Include="Payment.cpp">
      <Filter>Source Files</Filter>
    </ClCompile>
  </ItemGroup>
  <ItemGroup>
    <ClInclude Include="Booking.h">
      <Filter>Header Files</Filter>
    </ClInclude>
    <ClInclude Include="Court.h">
      <Filter>Header Files</Filter>
    </ClInclude>
    <ClInclude Include="Padel.h">
      <Filter>Header Files</Filter>
    </ClInclude>
    <ClInclude Include="Subscription.h">
      <Filter>Header Files</Filter>
    </ClInclude>
    <ClInclude Include="Trainee.h">
      <Filter>Header Files</Filter>
    </ClInclude>
    <ClInclude Include="Home.h">
      <Filter>Header Files</Filter>
    </ClInclude>
    <ClInclude Include="Gym.h">
      <Filter>Header Files</Filter>
    </ClInclude>
    <ClInclude Include="GymClass.h">
      <Filter>Header Files</Filter>
    </ClInclude>
    <ClInclude Include="Hall.h">
      <Filter>Header Files</Filter>
    </ClInclude>
    <ClInclude Include="WorkoutPlan.h">
      <Filter>Header Files</Filter>
    </ClInclude>
    <ClInclude Include="Coatch.h">
      <Filter>Header Files</Filter>
    </ClInclude>
    <ClInclude Include="Manager.h">
      <Filter>Header Files</Filter>
    </ClInclude>
    <ClInclude Include="Receptionist.h">
      <Filter>Header Files</Filter>
    </ClInclude>
    <ClInclude Include="JoinClass.h">
      <Filter>Header Files</Filter>
    </ClInclude>
    <ClInclude Include="RenewSubscription.h">
      <Filter>Header Files</Filter>
    </ClInclude>
    <ClInclude Include="BookCourt.h">
      <Filter>Header Files</Filter>
    </ClInclude>
    <ClInclude Include="Add_Sessions.h">
      <Filter>Header Files</Filter>
    </ClInclude>
    <ClInclude Include="PlanForm.h">
      <Filter>Header Files</Filter>
    </ClInclude>
    <ClInclude Include="CoatchForm.h">
      <Filter>Header Files</Filter>
    </ClInclude>
    <ClInclude Include="Home2.h">
      <Filter>Header Files</Filter>
    </ClInclude>
    <ClInclude Include="Login1.h">
      <Filter>Header Files</Filter>
    </ClInclude>
    <ClInclude Include="Register.h">
      <Filter>Header Files</Filter>
    </ClInclude>
    <ClInclude Include="TraineeHistory.h">
      <Filter>Header Files</Filter>
    </ClInclude>
    <ClInclude Include="Data_Base.h">
      <Filter>Header Files</Filter>
    </ClInclude>
    <ClInclude Include="System.h">
      <Filter>Header Files</Filter>
    </ClInclude>
    <ClInclude Include="Payment.h">
      <Filter>Header Files</Filter>
    </ClInclude>
  </ItemGroup>
  <ItemGroup>
    <Image Include="background.jpg">
      <Filter>Resource Files</Filter>
    </Image>
  </ItemGroup>
</Project>